
Microsoft Visual Studio Solution File, Format Version 11.00
# Visual Studio 2010
Project("{FAE04EC0-301F-11D3-BF4B-00C04F79EFBC}") = "PrzepisanyDyplom", "Dyplom\PrzepisanyDyplom.csproj", "{715B2DD2-43DE-493F-AF3D-05B2A7C43914}"
EndProject
Global
	GlobalSection(SolutionConfigurationPlatforms) = preSolution
		Debug|x86 = Debug|x86
		Release|x86 = Release|x86
	EndGlobalSection
	GlobalSection(ProjectConfigurationPlatforms) = postSolution
		{715B2DD2-43DE-493F-AF3D-05B2A7C43914}.Debug|x86.ActiveCfg = Debug|x86
		{715B2DD2-43DE-493F-AF3D-05B2A7C43914}.Debug|x86.Build.0 = Debug|x86
		{715B2DD2-43DE-493F-AF3D-05B2A7C43914}.Release|x86.ActiveCfg = Release|x86
		{715B2DD2-43DE-493F-AF3D-05B2A7C43914}.Release|x86.Build.0 = Release|x86
	EndGlobalSection
	GlobalSection(SolutionProperties) = preSolution
		HideSolutionNode = FALSE
	EndGlobalSection
EndGlobal
